
Microsoft Visual Studio Solution File, Format Version 12.00
# Visual Studio Version 16
VisualStudioVersion = 16.0.30804.86
MinimumVisualStudioVersion = 10.0.40219.1
Project("{FAE04EC0-301F-11D3-BF4B-00C04F79EFBC}") = "ElsaPlayground", "ElsaPlayground.csproj", "{6DF662CD-753D-48B3-B024-A425E30D6A19}"
EndProject
Global
	GlobalSection(SolutionConfigurationPlatforms) = preSolution
		Debug|Any CPU = Debug|Any CPU
		Release|Any CPU = Release|Any CPU
	EndGlobalSection
	GlobalSection(ProjectConfigurationPlatforms) = postSolution
		{6DF662CD-753D-48B3-B024-A425E30D6A19}.Debug|Any CPU.ActiveCfg = Debug|Any CPU
		{6DF662CD-753D-48B3-B024-A425E30D6A19}.Debug|Any CPU.Build.0 = Debug|Any CPU
		{6DF662CD-753D-48B3-B024-A425E30D6A19}.Release|Any CPU.ActiveCfg = Release|Any CPU
		{6DF662CD-753D-48B3-B024-A425E30D6A19}.Release|Any CPU.Build.0 = Release|Any CPU
	EndGlobalSection
	GlobalSection(SolutionProperties) = preSolution
		HideSolutionNode = FALSE
	EndGlobalSection
	GlobalSection(ExtensibilityGlobals) = postSolution
		SolutionGuid = {4C534F6F-58E6-410D-A663-64F9BA4C03B8}
	EndGlobalSection
EndGlobal
